// !$*UTF8*$!
{
	archiveVersion = 1;
	classes = {
	};
	objectVersion = 46;
	objects = {

/* Begin PBXBuildFile section */
		F6066DE81F73F5CF0078EC9D /* main.m in Sources */ = {isa = PBXBuildFile; fileRef = F6066DE71F73F5CF0078EC9D /* main.m */; };
		F6066DEB1F73F5CF0078EC9D /* AppDelegate.m in Sources */ = {isa = PBXBuildFile; fileRef = F6066DEA1F73F5CF0078EC9D /* AppDelegate.m */; };
		F6066DEE1F73F5CF0078EC9D /* ViewController.m in Sources */ = {isa = PBXBuildFile; fileRef = F6066DED1F73F5CF0078EC9D /* ViewController.m */; };
		F6066DF11F73F5CF0078EC9D /* Main.storyboard in Resources */ = {isa = PBXBuildFile; fileRef = F6066DEF1F73F5CF0078EC9D /* Main.storyboard */; };
		F6066DF31F73F5CF0078EC9D /* Assets.xcassets in Resources */ = {isa = PBXBuildFile; fileRef = F6066DF21F73F5CF0078EC9D /* Assets.xcassets */; };
		F6066DF61F73F5CF0078EC9D /* LaunchScreen.storyboard in Resources */ = {isa = PBXBuildFile; fileRef = F6066DF41F73F5CF0078EC9D /* LaunchScreen.storyboard */; };
		F6066E011F73F5CF0078EC9D /* PhotosTests.m in Sources */ = {isa = PBXBuildFile; fileRef = F6066E001F73F5CF0078EC9D /* PhotosTests.m */; };
		F6066E0C1F73F5CF0078EC9D /* PhotosUITests.m in Sources */ = {isa = PBXBuildFile; fileRef = F6066E0B1F73F5CF0078EC9D /* PhotosUITests.m */; };
		F6066E1F1F74060C0078EC9D /* PHAsset+JYEXT.m in Sources */ = {isa = PBXBuildFile; fileRef = F6066E1E1F74060C0078EC9D /* PHAsset+JYEXT.m */; };
		F65FF6141F77CE9500B38C6E /* PHPhotoLibrary+JYEXT.m in Sources */ = {isa = PBXBuildFile; fileRef = F65FF6131F77CE9500B38C6E /* PHPhotoLibrary+JYEXT.m */; };
		F65FF6171F77D5EF00B38C6E /* PHFetchResult+JYEXT.m in Sources */ = {isa = PBXBuildFile; fileRef = F65FF6161F77D5EF00B38C6E /* PHFetchResult+JYEXT.m */; };
		F65FF61A1F77D6B900B38C6E /* JYAsset.m in Sources */ = {isa = PBXBuildFile; fileRef = F65FF6191F77D6B900B38C6E /* JYAsset.m */; };
		F65FF61F1F77FC7300B38C6E /* JYCollectionViewCell.m in Sources */ = {isa = PBXBuildFile; fileRef = F65FF61E1F77FC7300B38C6E /* JYCollectionViewCell.m */; };
		F65FF6231F7801A300B38C6E /* JYBigImgCell.m in Sources */ = {isa = PBXBuildFile; fileRef = F65FF6221F7801A300B38C6E /* JYBigImgCell.m */; };
		F677BF4C1F95B647009184D1 /* JYForceTouchPreviewController.m in Sources */ = {isa = PBXBuildFile; fileRef = F677BF4B1F95B647009184D1 /* JYForceTouchPreviewController.m */; };
		F677BF4F1F95B7B5009184D1 /* JYProgressHUD.m in Sources */ = {isa = PBXBuildFile; fileRef = F677BF4E1F95B7B5009184D1 /* JYProgressHUD.m */; };
		F677BF521F961257009184D1 /* JYShowBigImgViewController.m in Sources */ = {isa = PBXBuildFile; fileRef = F677BF511F961257009184D1 /* JYShowBigImgViewController.m */; };
		F68C6C231F98EEC200ABB648 /* FirstDecorationSectionView.m in Sources */ = {isa = PBXBuildFile; fileRef = F68C6C1D1F98EEC200ABB648 /* FirstDecorationSectionView.m */; };
		F68C6C241F98EEC200ABB648 /* FirstDecorationSectionView.xib in Resources */ = {isa = PBXBuildFile; fileRef = F68C6C1E1F98EEC200ABB648 /* FirstDecorationSectionView.xib */; };
		F68C6C251F98EEC200ABB648 /* TYDecorationSectionLayout.m in Sources */ = {isa = PBXBuildFile; fileRef = F68C6C201F98EEC200ABB648 /* TYDecorationSectionLayout.m */; };
		F68C6C261F98EEC200ABB648 /* FMHeadView.m in Sources */ = {isa = PBXBuildFile; fileRef = F68C6C221F98EEC200ABB648 /* FMHeadView.m */; };
		F6E131091F7810EF00185833 /* JYThumbVC.m in Sources */ = {isa = PBXBuildFile; fileRef = F6E131071F7810EF00185833 /* JYThumbVC.m */; };
		F6E1310A1F7810EF00185833 /* JYThumbVC.xib in Resources */ = {isa = PBXBuildFile; fileRef = F6E131081F7810EF00185833 /* JYThumbVC.xib */; };
/* End PBXBuildFile section */

/* Begin PBXContainerItemProxy section */
		F6066DFD1F73F5CF0078EC9D /* PBXContainerItemProxy */ = {
			isa = PBXContainerItemProxy;
			containerPortal = F6066DDB1F73F5CF0078EC9D /* Project object */;
			proxyType = 1;
			remoteGlobalIDString = F6066DE21F73F5CF0078EC9D;
			remoteInfo = Photos;
		};
		F6066E081F73F5CF0078EC9D /* PBXContainerItemProxy */ = {
			isa = PBXContainerItemProxy;
			containerPortal = F6066DDB1F73F5CF0078EC9D /* Project object */;
			proxyType = 1;
			remoteGlobalIDString = F6066DE21F73F5CF0078EC9D;
			remoteInfo = Photos;
		};
/* End PBXContainerItemProxy section */

/* Begin PBXFileReference section */
		F6066DE31F73F5CF0078EC9D /* Photos.app */ = {isa = PBXFileReference; explicitFileType = wrapper.application; includeInIndex = 0; path = Photos.app; sourceTree = BUILT_PRODUCTS_DIR; };
		F6066DE71F73F5CF0078EC9D /* main.m */ = {isa = PBXFileReference; lastKnownFileType = sourcecode.c.objc; path = main.m; sourceTree = "<group>"; };
		F6066DE91F73F5CF0078EC9D /* AppDelegate.h */ = {isa = PBXFileReference; lastKnownFileType = sourcecode.c.h; path = AppDelegate.h; sourceTree = "<group>"; };
		F6066DEA1F73F5CF0078EC9D /* AppDelegate.m */ = {isa = PBXFileReference; lastKnownFileType = sourcecode.c.objc; path = AppDelegate.m; sourceTree = "<group>"; };
		F6066DEC1F73F5CF0078EC9D /* ViewController.h */ = {isa = PBXFileReference; lastKnownFileType = sourcecode.c.h; path = ViewController.h; sourceTree = "<group>"; };
		F6066DED1F73F5CF0078EC9D /* ViewController.m */ = {isa = PBXFileReference; lastKnownFileType = sourcecode.c.objc; path = ViewController.m; sourceTree = "<group>"; };
		F6066DF01F73F5CF0078EC9D /* Base */ = {isa = PBXFileReference; lastKnownFileType = file.storyboard; name = Base; path = Base.lproj/Main.storyboard; sourceTree = "<group>"; };
		F6066DF21F73F5CF0078EC9D /* Assets.xcassets */ = {isa = PBXFileReference; lastKnownFileType = folder.assetcatalog; path = Assets.xcassets; sourceTree = "<group>"; };
		F6066DF51F73F5CF0078EC9D /* Base */ = {isa = PBXFileReference; lastKnownFileType = file.storyboard; name = Base; path = Base.lproj/LaunchScreen.storyboard; sourceTree = "<group>"; };
		F6066DF71F73F5CF0078EC9D /* Info.plist */ = {isa = PBXFileReference; lastKnownFileType = text.plist.xml; path = Info.plist; sourceTree = "<group>"; };
		F6066DFC1F73F5CF0078EC9D /* PhotosTests.xctest */ = {isa = PBXFileReference; explicitFileType = wrapper.cfbundle; includeInIndex = 0; path = PhotosTests.xctest; sourceTree = BUILT_PRODUCTS_DIR; };
		F6066E001F73F5CF0078EC9D /* PhotosTests.m */ = {isa = PBXFileReference; lastKnownFileType = sourcecode.c.objc; path = PhotosTests.m; sourceTree = "<group>"; };
		F6066E021F73F5CF0078EC9D /* Info.plist */ = {isa = PBXFileReference; lastKnownFileType = text.plist.xml; path = Info.plist; sourceTree = "<group>"; };
		F6066E071F73F5CF0078EC9D /* PhotosUITests.xctest */ = {isa = PBXFileReference; explicitFileType = wrapper.cfbundle; includeInIndex = 0; path = PhotosUITests.xctest; sourceTree = BUILT_PRODUCTS_DIR; };
		F6066E0B1F73F5CF0078EC9D /* PhotosUITests.m */ = {isa = PBXFileReference; lastKnownFileType = sourcecode.c.objc; path = PhotosUITests.m; sourceTree = "<group>"; };
		F6066E0D1F73F5CF0078EC9D /* Info.plist */ = {isa = PBXFileReference; lastKnownFileType = text.plist.xml; path = Info.plist; sourceTree = "<group>"; };
		F6066E1D1F74060C0078EC9D /* PHAsset+JYEXT.h */ = {isa = PBXFileReference; fileEncoding = 4; lastKnownFileType = sourcecode.c.h; path = "PHAsset+JYEXT.h"; sourceTree = "<group>"; };
		F6066E1E1F74060C0078EC9D /* PHAsset+JYEXT.m */ = {isa = PBXFileReference; fileEncoding = 4; lastKnownFileType = sourcecode.c.objc; path = "PHAsset+JYEXT.m"; sourceTree = "<group>"; };
		F65FF6121F77CE9500B38C6E /* PHPhotoLibrary+JYEXT.h */ = {isa = PBXFileReference; fileEncoding = 4; lastKnownFileType = sourcecode.c.h; path = "PHPhotoLibrary+JYEXT.h"; sourceTree = "<group>"; };
		F65FF6131F77CE9500B38C6E /* PHPhotoLibrary+JYEXT.m */ = {isa = PBXFileReference; fileEncoding = 4; lastKnownFileType = sourcecode.c.objc; path = "PHPhotoLibrary+JYEXT.m"; sourceTree = "<group>"; };
		F65FF6151F77D5EF00B38C6E /* PHFetchResult+JYEXT.h */ = {isa = PBXFileReference; fileEncoding = 4; lastKnownFileType = sourcecode.c.h; path = "PHFetchResult+JYEXT.h"; sourceTree = "<group>"; };
		F65FF6161F77D5EF00B38C6E /* PHFetchResult+JYEXT.m */ = {isa = PBXFileReference; fileEncoding = 4; lastKnownFileType = sourcecode.c.objc; path = "PHFetchResult+JYEXT.m"; sourceTree = "<group>"; };
		F65FF6181F77D6B900B38C6E /* JYAsset.h */ = {isa = PBXFileReference; fileEncoding = 4; lastKnownFileType = sourcecode.c.h; path = JYAsset.h; sourceTree = "<group>"; };
		F65FF6191F77D6B900B38C6E /* JYAsset.m */ = {isa = PBXFileReference; fileEncoding = 4; lastKnownFileType = sourcecode.c.objc; path = JYAsset.m; sourceTree = "<group>"; };
		F65FF61D1F77FC7300B38C6E /* JYCollectionViewCell.h */ = {isa = PBXFileReference; fileEncoding = 4; lastKnownFileType = sourcecode.c.h; path = JYCollectionViewCell.h; sourceTree = "<group>"; };
		F65FF61E1F77FC7300B38C6E /* JYCollectionViewCell.m */ = {isa = PBXFileReference; fileEncoding = 4; lastKnownFileType = sourcecode.c.objc; path = JYCollectionViewCell.m; sourceTree = "<group>"; };
		F65FF6201F77FE4700B38C6E /* JYConst.h */ = {isa = PBXFileReference; fileEncoding = 4; lastKnownFileType = sourcecode.c.h; path = JYConst.h; sourceTree = "<group>"; };
		F65FF6211F7801A300B38C6E /* JYBigImgCell.h */ = {isa = PBXFileReference; fileEncoding = 4; lastKnownFileType = sourcecode.c.h; path = JYBigImgCell.h; sourceTree = "<group>"; };
		F65FF6221F7801A300B38C6E /* JYBigImgCell.m */ = {isa = PBXFileReference; fileEncoding = 4; lastKnownFileType = sourcecode.c.objc; path = JYBigImgCell.m; sourceTree = "<group>"; };
		F677BF4A1F95B647009184D1 /* JYForceTouchPreviewController.h */ = {isa = PBXFileReference; fileEncoding = 4; lastKnownFileType = sourcecode.c.h; path = JYForceTouchPreviewController.h; sourceTree = "<group>"; };
		F677BF4B1F95B647009184D1 /* JYForceTouchPreviewController.m */ = {isa = PBXFileReference; fileEncoding = 4; lastKnownFileType = sourcecode.c.objc; path = JYForceTouchPreviewController.m; sourceTree = "<group>"; };
		F677BF4D1F95B7B5009184D1 /* JYProgressHUD.h */ = {isa = PBXFileReference; fileEncoding = 4; lastKnownFileType = sourcecode.c.h; path = JYProgressHUD.h; sourceTree = "<group>"; };
		F677BF4E1F95B7B5009184D1 /* JYProgressHUD.m */ = {isa = PBXFileReference; fileEncoding = 4; lastKnownFileType = sourcecode.c.objc; path = JYProgressHUD.m; sourceTree = "<group>"; };
		F677BF501F961257009184D1 /* JYShowBigImgViewController.h */ = {isa = PBXFileReference; fileEncoding = 4; lastKnownFileType = sourcecode.c.h; path = JYShowBigImgViewController.h; sourceTree = "<group>"; };
		F677BF511F961257009184D1 /* JYShowBigImgViewController.m */ = {isa = PBXFileReference; fileEncoding = 4; lastKnownFileType = sourcecode.c.objc; path = JYShowBigImgViewController.m; sourceTree = "<group>"; };
		F68C6C1C1F98EEC200ABB648 /* FirstDecorationSectionView.h */ = {isa = PBXFileReference; fileEncoding = 4; lastKnownFileType = sourcecode.c.h; path = FirstDecorationSectionView.h; sourceTree = "<group>"; };
		F68C6C1D1F98EEC200ABB648 /* FirstDecorationSectionView.m */ = {isa = PBXFileReference; fileEncoding = 4; lastKnownFileType = sourcecode.c.objc; path = FirstDecorationSectionView.m; sourceTree = "<group>"; };
		F68C6C1E1F98EEC200ABB648 /* FirstDecorationSectionView.xib */ = {isa = PBXFileReference; fileEncoding = 4; lastKnownFileType = file.xib; path = FirstDecorationSectionView.xib; sourceTree = "<group>"; };
		F68C6C1F1F98EEC200ABB648 /* TYDecorationSectionLayout.h */ = {isa = PBXFileReference; fileEncoding = 4; lastKnownFileType = sourcecode.c.h; path = TYDecorationSectionLayout.h; sourceTree = "<group>"; };
		F68C6C201F98EEC200ABB648 /* TYDecorationSectionLayout.m */ = {isa = PBXFileReference; fileEncoding = 4; lastKnownFileType = sourcecode.c.objc; path = TYDecorationSectionLayout.m; sourceTree = "<group>"; };
		F68C6C211F98EEC200ABB648 /* FMHeadView.h */ = {isa = PBXFileReference; fileEncoding = 4; lastKnownFileType = sourcecode.c.h; path = FMHeadView.h; sourceTree = "<group>"; };
		F68C6C221F98EEC200ABB648 /* FMHeadView.m */ = {isa = PBXFileReference; fileEncoding = 4; lastKnownFileType = sourcecode.c.objc; path = FMHeadView.m; sourceTree = "<group>"; };
		F6E131061F7810EF00185833 /* JYThumbVC.h */ = {isa = PBXFileReference; fileEncoding = 4; lastKnownFileType = sourcecode.c.h; name = JYThumbVC.h; path = ../../JYThumbVC.h; sourceTree = "<group>"; };
		F6E131071F7810EF00185833 /* JYThumbVC.m */ = {isa = PBXFileReference; fileEncoding = 4; lastKnownFileType = sourcecode.c.objc; name = JYThumbVC.m; path = ../../JYThumbVC.m; sourceTree = "<group>"; };
		F6E131081F7810EF00185833 /* JYThumbVC.xib */ = {isa = PBXFileReference; fileEncoding = 4; lastKnownFileType = file.xib; name = JYThumbVC.xib; path = ../../JYThumbVC.xib; sourceTree = "<group>"; };
/* End PBXFileReference section */

/* Begin PBXFrameworksBuildPhase section */
		F6066DE01F73F5CF0078EC9D /* Frameworks */ = {
			isa = PBXFrameworksBuildPhase;
			buildActionMask = 2147483647;
			files = (
			);
			runOnlyForDeploymentPostprocessing = 0;
		};
		F6066DF91F73F5CF0078EC9D /* Frameworks */ = {
			isa = PBXFrameworksBuildPhase;
			buildActionMask = 2147483647;
			files = (
			);
			runOnlyForDeploymentPostprocessing = 0;
		};
		F6066E041F73F5CF0078EC9D /* Frameworks */ = {
			isa = PBXFrameworksBuildPhase;
			buildActionMask = 2147483647;
			files = (
			);
			runOnlyForDeploymentPostprocessing = 0;
		};
/* End PBXFrameworksBuildPhase section */

/* Begin PBXGroup section */
		F6066DDA1F73F5CF0078EC9D = {
			isa = PBXGroup;
			children = (
				F6066DE51F73F5CF0078EC9D /* Photos */,
				F6066DFF1F73F5CF0078EC9D /* PhotosTests */,
				F6066E0A1F73F5CF0078EC9D /* PhotosUITests */,
				F6066DE41F73F5CF0078EC9D /* Products */,
			);
			sourceTree = "<group>";
		};
		F6066DE41F73F5CF0078EC9D /* Products */ = {
			isa = PBXGroup;
			children = (
				F6066DE31F73F5CF0078EC9D /* Photos.app */,
				F6066DFC1F73F5CF0078EC9D /* PhotosTests.xctest */,
				F6066E071F73F5CF0078EC9D /* PhotosUITests.xctest */,
			);
			name = Products;
			sourceTree = "<group>";
		};
		F6066DE51F73F5CF0078EC9D /* Photos */ = {
			isa = PBXGroup;
			children = (
				F65FF61C1F77FC0F00B38C6E /* UI */,
				F6066E191F73F6450078EC9D /* JYPhotos */,
				F6066DE91F73F5CF0078EC9D /* AppDelegate.h */,
				F6066DEA1F73F5CF0078EC9D /* AppDelegate.m */,
				F6066DEC1F73F5CF0078EC9D /* ViewController.h */,
				F6066DED1F73F5CF0078EC9D /* ViewController.m */,
				F6066DEF1F73F5CF0078EC9D /* Main.storyboard */,
				F6066DF21F73F5CF0078EC9D /* Assets.xcassets */,
				F6066DF41F73F5CF0078EC9D /* LaunchScreen.storyboard */,
				F6066DF71F73F5CF0078EC9D /* Info.plist */,
				F6066DE61F73F5CF0078EC9D /* Supporting Files */,
			);
			path = Photos;
			sourceTree = "<group>";
		};
		F6066DE61F73F5CF0078EC9D /* Supporting Files */ = {
			isa = PBXGroup;
			children = (
				F6066DE71F73F5CF0078EC9D /* main.m */,
			);
			name = "Supporting Files";
			sourceTree = "<group>";
		};
		F6066DFF1F73F5CF0078EC9D /* PhotosTests */ = {
			isa = PBXGroup;
			children = (
				F6066E001F73F5CF0078EC9D /* PhotosTests.m */,
				F6066E021F73F5CF0078EC9D /* Info.plist */,
			);
			path = PhotosTests;
			sourceTree = "<group>";
		};
		F6066E0A1F73F5CF0078EC9D /* PhotosUITests */ = {
			isa = PBXGroup;
			children = (
				F6066E0B1F73F5CF0078EC9D /* PhotosUITests.m */,
				F6066E0D1F73F5CF0078EC9D /* Info.plist */,
			);
			path = PhotosUITests;
			sourceTree = "<group>";
		};
		F6066E191F73F6450078EC9D /* JYPhotos */ = {
			isa = PBXGroup;
			children = (
				F6066E1D1F74060C0078EC9D /* PHAsset+JYEXT.h */,
				F6066E1E1F74060C0078EC9D /* PHAsset+JYEXT.m */,
				F65FF6121F77CE9500B38C6E /* PHPhotoLibrary+JYEXT.h */,
				F65FF6131F77CE9500B38C6E /* PHPhotoLibrary+JYEXT.m */,
				F65FF6151F77D5EF00B38C6E /* PHFetchResult+JYEXT.h */,
				F65FF6161F77D5EF00B38C6E /* PHFetchResult+JYEXT.m */,
				F65FF6181F77D6B900B38C6E /* JYAsset.h */,
				F65FF6191F77D6B900B38C6E /* JYAsset.m */,
			);
			path = JYPhotos;
			sourceTree = "<group>";
		};
		F65FF61C1F77FC0F00B38C6E /* UI */ = {
			isa = PBXGroup;
			children = (
				F68C6C1C1F98EEC200ABB648 /* FirstDecorationSectionView.h */,
				F68C6C1D1F98EEC200ABB648 /* FirstDecorationSectionView.m */,
				F68C6C1E1F98EEC200ABB648 /* FirstDecorationSectionView.xib */,
				F68C6C1F1F98EEC200ABB648 /* TYDecorationSectionLayout.h */,
				F68C6C201F98EEC200ABB648 /* TYDecorationSectionLayout.m */,
				F68C6C211F98EEC200ABB648 /* FMHeadView.h */,
				F68C6C221F98EEC200ABB648 /* FMHeadView.m */,
				F6E131061F7810EF00185833 /* JYThumbVC.h */,
				F6E131071F7810EF00185833 /* JYThumbVC.m */,
				F6E131081F7810EF00185833 /* JYThumbVC.xib */,
				F677BF4A1F95B647009184D1 /* JYForceTouchPreviewController.h */,
				F677BF4B1F95B647009184D1 /* JYForceTouchPreviewController.m */,
				F65FF61D1F77FC7300B38C6E /* JYCollectionViewCell.h */,
				F65FF61E1F77FC7300B38C6E /* JYCollectionViewCell.m */,
				F65FF6201F77FE4700B38C6E /* JYConst.h */,
				F65FF6211F7801A300B38C6E /* JYBigImgCell.h */,
				F65FF6221F7801A300B38C6E /* JYBigImgCell.m */,
				F677BF4D1F95B7B5009184D1 /* JYProgressHUD.h */,
				F677BF4E1F95B7B5009184D1 /* JYProgressHUD.m */,
				F677BF501F961257009184D1 /* JYShowBigImgViewController.h */,
				F677BF511F961257009184D1 /* JYShowBigImgViewController.m */,
			);
			path = UI;
			sourceTree = "<group>";
		};
/* End PBXGroup section */

/* Begin PBXNativeTarget section */
		F6066DE21F73F5CF0078EC9D /* Photos */ = {
			isa = PBXNativeTarget;
			buildConfigurationList = F6066E101F73F5CF0078EC9D /* Build configuration list for PBXNativeTarget "Photos" */;
			buildPhases = (
				F6066DDF1F73F5CF0078EC9D /* Sources */,
				F6066DE01F73F5CF0078EC9D /* Frameworks */,
				F6066DE11F73F5CF0078EC9D /* Resources */,
			);
			buildRules = (
			);
			dependencies = (
			);
			name = Photos;
			productName = Photos;
			productReference = F6066DE31F73F5CF0078EC9D /* Photos.app */;
			productType = "com.apple.product-type.application";
		};
		F6066DFB1F73F5CF0078EC9D /* PhotosTests */ = {
			isa = PBXNativeTarget;
			buildConfigurationList = F6066E131F73F5CF0078EC9D /* Build configuration list for PBXNativeTarget "PhotosTests" */;
			buildPhases = (
				F6066DF81F73F5CF0078EC9D /* Sources */,
				F6066DF91F73F5CF0078EC9D /* Frameworks */,
				F6066DFA1F73F5CF0078EC9D /* Resources */,
			);
			buildRules = (
			);
			dependencies = (
				F6066DFE1F73F5CF0078EC9D /* PBXTargetDependency */,
			);
			name = PhotosTests;
			productName = PhotosTests;
			productReference = F6066DFC1F73F5CF0078EC9D /* PhotosTests.xctest */;
			productType = "com.apple.product-type.bundle.unit-test";
		};
		F6066E061F73F5CF0078EC9D /* PhotosUITests */ = {
			isa = PBXNativeTarget;
			buildConfigurationList = F6066E161F73F5CF0078EC9D /* Build configuration list for PBXNativeTarget "PhotosUITests" */;
			buildPhases = (
				F6066E031F73F5CF0078EC9D /* Sources */,
				F6066E041F73F5CF0078EC9D /* Frameworks */,
				F6066E051F73F5CF0078EC9D /* Resources */,
			);
			buildRules = (
			);
			dependencies = (
				F6066E091F73F5CF0078EC9D /* PBXTargetDependency */,
			);
			name = PhotosUITests;
			productName = PhotosUITests;
			productReference = F6066E071F73F5CF0078EC9D /* PhotosUITests.xctest */;
			productType = "com.apple.product-type.bundle.ui-testing";
		};
/* End PBXNativeTarget section */

/* Begin PBXProject section */
		F6066DDB1F73F5CF0078EC9D /* Project object */ = {
			isa = PBXProject;
			attributes = {
				LastUpgradeCheck = 0830;
				ORGANIZATIONNAME = JackYang;
				TargetAttributes = {
					F6066DE21F73F5CF0078EC9D = {
						CreatedOnToolsVersion = 8.3.2;
						DevelopmentTeam = 8SC32MU7TG;
						ProvisioningStyle = Automatic;
					};
					F6066DFB1F73F5CF0078EC9D = {
						CreatedOnToolsVersion = 8.3.2;
						DevelopmentTeam = 8SC32MU7TG;
						ProvisioningStyle = Automatic;
						TestTargetID = F6066DE21F73F5CF0078EC9D;
					};
					F6066E061F73F5CF0078EC9D = {
						CreatedOnToolsVersion = 8.3.2;
						DevelopmentTeam = 8SC32MU7TG;
						ProvisioningStyle = Automatic;
						TestTargetID = F6066DE21F73F5CF0078EC9D;
					};
				};
			};
			buildConfigurationList = F6066DDE1F73F5CF0078EC9D /* Build configuration list for PBXProject "Photos" */;
			compatibilityVersion = "Xcode 3.2";
			developmentRegion = English;
			hasScannedForEncodings = 0;
			knownRegions = (
				en,
				Base,
			);
			mainGroup = F6066DDA1F73F5CF0078EC9D;
			productRefGroup = F6066DE41F73F5CF0078EC9D /* Products */;
			projectDirPath = "";
			projectRoot = "";
			targets = (
				F6066DE21F73F5CF0078EC9D /* Photos */,
				F6066DFB1F73F5CF0078EC9D /* PhotosTests */,
				F6066E061F73F5CF0078EC9D /* PhotosUITests */,
			);
		};
/* End PBXProject section */

/* Begin PBXResourcesBuildPhase section */
		F6066DE11F73F5CF0078EC9D /* Resources */ = {
			isa = PBXResourcesBuildPhase;
			buildActionMask = 2147483647;
			files = (
				F6066DF61F73F5CF0078EC9D /* LaunchScreen.storyboard in Resources */,
				F6066DF31F73F5CF0078EC9D /* Assets.xcassets in Resources */,
				F6E1310A1F7810EF00185833 /* JYThumbVC.xib in Resources */,
				F68C6C241F98EEC200ABB648 /* FirstDecorationSectionView.xib in Resources */,
				F6066DF11F73F5CF0078EC9D /* Main.storyboard in Resources */,
			);
			runOnlyForDeploymentPostprocessing = 0;
		};
		F6066DFA1F73F5CF0078EC9D /* Resources */ = {
			isa = PBXResourcesBuildPhase;
			buildActionMask = 2147483647;
			files = (
			);
			runOnlyForDeploymentPostprocessing = 0;
		};
		F6066E051F73F5CF0078EC9D /* Resources */ = {
			isa = PBXResourcesBuildPhase;
			buildActionMask = 2147483647;
			files = (
			);
			runOnlyForDeploymentPostprocessing = 0;
		};
/* End PBXResourcesBuildPhase section */

/* Begin PBXSourcesBuildPhase section */
		F6066DDF1F73F5CF0078EC9D /* Sources */ = {
			isa = PBXSourcesBuildPhase;
			buildActionMask = 2147483647;
			files = (
				F65FF6231F7801A300B38C6E /* JYBigImgCell.m in Sources */,
				F6066E1F1F74060C0078EC9D /* PHAsset+JYEXT.m in Sources */,
				F6E131091F7810EF00185833 /* JYThumbVC.m in Sources */,
				F677BF4C1F95B647009184D1 /* JYForceTouchPreviewController.m in Sources */,
				F65FF6171F77D5EF00B38C6E /* PHFetchResult+JYEXT.m in Sources */,
				F6066DEE1F73F5CF0078EC9D /* ViewController.m in Sources */,
				F68C6C251F98EEC200ABB648 /* TYDecorationSectionLayout.m in Sources */,
				F68C6C261F98EEC200ABB648 /* FMHeadView.m in Sources */,
				F677BF521F961257009184D1 /* JYShowBigImgViewController.m in Sources */,
				F65FF61F1F77FC7300B38C6E /* JYCollectionViewCell.m in Sources */,
				F6066DEB1F73F5CF0078EC9D /* AppDelegate.m in Sources */,
				F68C6C231F98EEC200ABB648 /* FirstDecorationSectionView.m in Sources */,
				F65FF6141F77CE9500B38C6E /* PHPhotoLibrary+JYEXT.m in Sources */,
				F6066DE81F73F5CF0078EC9D /* main.m in Sources */,
				F65FF61A1F77D6B900B38C6E /* JYAsset.m in Sources */,
				F677BF4F1F95B7B5009184D1 /* JYProgressHUD.m in Sources */,
			);
			runOnlyForDeploymentPostprocessing = 0;
		};
		F6066DF81F73F5CF0078EC9D /* Sources */ = {
			isa = PBXSourcesBuildPhase;
			buildActionMask = 2147483647;
			files = (
				F6066E011F73F5CF0078EC9D /* PhotosTests.m in Sources */,
			);
			runOnlyForDeploymentPostprocessing = 0;
		};
		F6066E031F73F5CF0078EC9D /* Sources */ = {
			isa = PBXSourcesBuildPhase;
			buildActionMask = 2147483647;
			files = (
				F6066E0C1F73F5CF0078EC9D /* PhotosUITests.m in Sources */,
			);
			runOnlyForDeploymentPostprocessing = 0;
		};
/* End PBXSourcesBuildPhase section */

/* Begin PBXTargetDependency section */
		F6066DFE1F73F5CF0078EC9D /* PBXTargetDependency */ = {
			isa = PBXTargetDependency;
			target = F6066DE21F73F5CF0078EC9D /* Photos */;
			targetProxy = F6066DFD1F73F5CF0078EC9D /* PBXContainerItemProxy */;
		};
		F6066E091F73F5CF0078EC9D /* PBXTargetDependency */ = {
			isa = PBXTargetDependency;
			target = F6066DE21F73F5CF0078EC9D /* Photos */;
			targetProxy = F6066E081F73F5CF0078EC9D /* PBXContainerItemProxy */;
		};
/* End PBXTargetDependency section */

/* Begin PBXVariantGroup section */
		F6066DEF1F73F5CF0078EC9D /* Main.storyboard */ = {
			isa = PBXVariantGroup;
			children = (
				F6066DF01F73F5CF0078EC9D /* Base */,
			);
			name = Main.storyboard;
			sourceTree = "<group>";
		};
		F6066DF41F73F5CF0078EC9D /* LaunchScreen.storyboard */ = {
			isa = PBXVariantGroup;
			children = (
				F6066DF51F73F5CF0078EC9D /* Base */,
			);
			name = LaunchScreen.storyboard;
			sourceTree = "<group>";
		};
/* End PBXVariantGroup section */

/* Begin XCBuildConfiguration section */
		F6066E0E1F73F5CF0078EC9D /* Debug */ = {
			isa = XCBuildConfiguration;
			buildSettings = {
				ALWAYS_SEARCH_USER_PATHS = NO;
				CLANG_ANALYZER_NONNULL = YES;
				CLANG_ANALYZER_NUMBER_OBJECT_CONVERSION = YES_AGGRESSIVE;
				CLANG_CXX_LANGUAGE_STANDARD = "gnu++0x";
				CLANG_CXX_LIBRARY = "libc++";
				CLANG_ENABLE_MODULES = YES;
				CLANG_ENABLE_OBJC_ARC = YES;
				CLANG_WARN_BOOL_CONVERSION = YES;
				CLANG_WARN_CONSTANT_CONVERSION = YES;
				CLANG_WARN_DIRECT_OBJC_ISA_USAGE = YES_ERROR;
				CLANG_WARN_DOCUMENTATION_COMMENTS = YES;
				CLANG_WARN_EMPTY_BODY = YES;
				CLANG_WARN_ENUM_CONVERSION = YES;
				CLANG_WARN_INFINITE_RECURSION = YES;
				CLANG_WARN_INT_CONVERSION = YES;
				CLANG_WARN_OBJC_ROOT_CLASS = YES_ERROR;
				CLANG_WARN_SUSPICIOUS_MOVE = YES;
				CLANG_WARN_UNREACHABLE_CODE = YES;
				CLANG_WARN__DUPLICATE_METHOD_MATCH = YES;
				"CODE_SIGN_IDENTITY[sdk=iphoneos*]" = "iPhone Developer";
				COPY_PHASE_STRIP = NO;
				DEBUG_INFORMATION_FORMAT = dwarf;
				ENABLE_STRICT_OBJC_MSGSEND = YES;
				ENABLE_TESTABILITY = YES;
				GCC_C_LANGUAGE_STANDARD = gnu99;
				GCC_DYNAMIC_NO_PIC = NO;
				GCC_NO_COMMON_BLOCKS = YES;
				GCC_OPTIMIZATION_LEVEL = 0;
				GCC_PREPROCESSOR_DEFINITIONS = (
					"DEBUG=1",
					"$(inherited)",
				);
				GCC_WARN_64_TO_32_BIT_CONVERSION = YES;
				GCC_WARN_ABOUT_RETURN_TYPE = YES_ERROR;
				GCC_WARN_UNDECLARED_SELECTOR = YES;
				GCC_WARN_UNINITIALIZED_AUTOS = YES_AGGRESSIVE;
				GCC_WARN_UNUSED_FUNCTION = YES;
				GCC_WARN_UNUSED_VARIABLE = YES;
				IPHONEOS_DEPLOYMENT_TARGET = 10.3;
				MTL_ENABLE_DEBUG_INFO = YES;
				ONLY_ACTIVE_ARCH = YES;
				SDKROOT = iphoneos;
				TARGETED_DEVICE_FAMILY = "1,2";
			};
			name = Debug;
		};
		F6066E0F1F73F5CF0078EC9D /* Release */ = {
			isa = XCBuildConfiguration;
			buildSettings = {
				ALWAYS_SEARCH_USER_PATHS = NO;
				CLANG_ANALYZER_NONNULL = YES;
				CLANG_ANALYZER_NUMBER_OBJECT_CONVERSION = YES_AGGRESSIVE;
				CLANG_CXX_LANGUAGE_STANDARD = "gnu++0x";
				CLANG_CXX_LIBRARY = "libc++";
				CLANG_ENABLE_MODULES = YES;
				CLANG_ENABLE_OBJC_ARC = YES;
				CLANG_WARN_BOOL_CONVERSION = YES;
				CLANG_WARN_CONSTANT_CONVERSION = YES;
				CLANG_WARN_DIRECT_OBJC_ISA_USAGE = YES_ERROR;
				CLANG_WARN_DOCUMENTATION_COMMENTS = YES;
				CLANG_WARN_EMPTY_BODY = YES;
				CLANG_WARN_ENUM_CONVERSION = YES;
				CLANG_WARN_INFINITE_RECURSION = YES;
				CLANG_WARN_INT_CONVERSION = YES;
				CLANG_WARN_OBJC_ROOT_CLASS = YES_ERROR;
				CLANG_WARN_SUSPICIOUS_MOVE = YES;
				CLANG_WARN_UNREACHABLE_CODE = YES;
				CLANG_WARN__DUPLICATE_METHOD_MATCH = YES;
				"CODE_SIGN_IDENTITY[sdk=iphoneos*]" = "iPhone Developer";
				COPY_PHASE_STRIP = NO;
				DEBUG_INFORMATION_FORMAT = "dwarf-with-dsym";
				ENABLE_NS_ASSERTIONS = NO;
				ENABLE_STRICT_OBJC_MSGSEND = YES;
				GCC_C_LANGUAGE_STANDARD = gnu99;
				GCC_NO_COMMON_BLOCKS = YES;
				GCC_WARN_64_TO_32_BIT_CONVERSION = YES;
				GCC_WARN_ABOUT_RETURN_TYPE = YES_ERROR;
				GCC_WARN_UNDECLARED_SELECTOR = YES;
				GCC_WARN_UNINITIALIZED_AUTOS = YES_AGGRESSIVE;
				GCC_WARN_UNUSED_FUNCTION = YES;
				GCC_WARN_UNUSED_VARIABLE = YES;
				IPHONEOS_DEPLOYMENT_TARGET = 10.3;
				MTL_ENABLE_DEBUG_INFO = NO;
				SDKROOT = iphoneos;
				TARGETED_DEVICE_FAMILY = "1,2";
				VALIDATE_PRODUCT = YES;
			};
			name = Release;
		};
		F6066E111F73F5CF0078EC9D /* Debug */ = {
			isa = XCBuildConfiguration;
			buildSettings = {
				ASSETCATALOG_COMPILER_APPICON_NAME = AppIcon;
				DEVELOPMENT_TEAM = 8SC32MU7TG;
				INFOPLIST_FILE = Photos/Info.plist;
				LD_RUNPATH_SEARCH_PATHS = "$(inherited) @executable_path/Frameworks";
				PRODUCT_BUNDLE_IDENTIFIER = com.wisnuc.Photos;
				PRODUCT_NAME = "$(TARGET_NAME)";
			};
			name = Debug;
		};
		F6066E121F73F5CF0078EC9D /* Release */ = {
			isa = XCBuildConfiguration;
			buildSettings = {
				ASSETCATALOG_COMPILER_APPICON_NAME = AppIcon;
				DEVELOPMENT_TEAM = 8SC32MU7TG;
				INFOPLIST_FILE = Photos/Info.plist;
				LD_RUNPATH_SEARCH_PATHS = "$(inherited) @executable_path/Frameworks";
				PRODUCT_BUNDLE_IDENTIFIER = com.wisnuc.Photos;
				PRODUCT_NAME = "$(TARGET_NAME)";
			};
			name = Release;
		};
		F6066E141F73F5CF0078EC9D /* Debug */ = {
			isa = XCBuildConfiguration;
			buildSettings = {
				BUNDLE_LOADER = "$(TEST_HOST)";
				DEVELOPMENT_TEAM = 8SC32MU7TG;
				INFOPLIST_FILE = PhotosTests/Info.plist;
				LD_RUNPATH_SEARCH_PATHS = "$(inherited) @executable_path/Frameworks @loader_path/Frameworks";
				PRODUCT_BUNDLE_IDENTIFIER = com.wisnuc.PhotosTests;
				PRODUCT_NAME = "$(TARGET_NAME)";
				TEST_HOST = "$(BUILT_PRODUCTS_DIR)/Photos.app/Photos";
			};
			name = Debug;
		};
		F6066E151F73F5CF0078EC9D /* Release */ = {
			isa = XCBuildConfiguration;
			buildSettings = {
				BUNDLE_LOADER = "$(TEST_HOST)";
				DEVELOPMENT_TEAM = 8SC32MU7TG;
				INFOPLIST_FILE = PhotosTests/Info.plist;
				LD_RUNPATH_SEARCH_PATHS = "$(inherited) @executable_path/Frameworks @loader_path/Frameworks";
				PRODUCT_BUNDLE_IDENTIFIER = com.wisnuc.PhotosTests;
				PRODUCT_NAME = "$(TARGET_NAME)";
				TEST_HOST = "$(BUILT_PRODUCTS_DIR)/Photos.app/Photos";
			};
			name = Release;
		};
		F6066E171F73F5CF0078EC9D /* Debug */ = {
			isa = XCBuildConfiguration;
			buildSettings = {
				DEVELOPMENT_TEAM = 8SC32MU7TG;
				INFOPLIST_FILE = PhotosUITests/Info.plist;
				LD_RUNPATH_SEARCH_PATHS = "$(inherited) @executable_path/Frameworks @loader_path/Frameworks";
				PRODUCT_BUNDLE_IDENTIFIER = com.wisnuc.PhotosUITests;
				PRODUCT_NAME = "$(TARGET_NAME)";
				TEST_TARGET_NAME = Photos;
			};
			name = Debug;
		};
		F6066E181F73F5CF0078EC9D /* Release */ = {
			isa = XCBuildConfiguration;
			buildSettings = {
				DEVELOPMENT_TEAM = 8SC32MU7TG;
				INFOPLIST_FILE = PhotosUITests/Info.plist;
				LD_RUNPATH_SEARCH_PATHS = "$(inherited) @executable_path/Frameworks @loader_path/Frameworks";
				PRODUCT_BUNDLE_IDENTIFIER = com.wisnuc.PhotosUITests;
				PRODUCT_NAME = "$(TARGET_NAME)";
				TEST_TARGET_NAME = Photos;
			};
			name = Release;
		};
/* End XCBuildConfiguration section */

/* Begin XCConfigurationList section */
		F6066DDE1F73F5CF0078EC9D /* Build configuration list for PBXProject "Photos" */ = {
			isa = XCConfigurationList;
			buildConfigurations = (
				F6066E0E1F73F5CF0078EC9D /* Debug */,
				F6066E0F1F73F5CF0078EC9D /* Release */,
			);
			defaultConfigurationIsVisible = 0;
			defaultConfigurationName = Release;
		};
		F6066E101F73F5CF0078EC9D /* Build configuration list for PBXNativeTarget "Photos" */ = {
			isa = XCConfigurationList;
			buildConfigurations = (
				F6066E111F73F5CF0078EC9D /* Debug */,
				F6066E121F73F5CF0078EC9D /* Release */,
			);
			defaultConfigurationIsVisible = 0;
			defaultConfigurationName = Release;
		};
		F6066E131F73F5CF0078EC9D /* Build configuration list for PBXNativeTarget "PhotosTests" */ = {
			isa = XCConfigurationList;
			buildConfigurations = (
				F6066E141F73F5CF0078EC9D /* Debug */,
				F6066E151F73F5CF0078EC9D /* Release */,
			);
			defaultConfigurationIsVisible = 0;
			defaultConfigurationName = Release;
		};
		F6066E161F73F5CF0078EC9D /* Build configuration list for PBXNativeTarget "PhotosUITests" */ = {
			isa = XCConfigurationList;
			buildConfigurations = (
				F6066E171F73F5CF0078EC9D /* Debug */,
				F6066E181F73F5CF0078EC9D /* Release */,
			);
			defaultConfigurationIsVisible = 0;
			defaultConfigurationName = Release;
		};
/* End XCConfigurationList section */
	};
	rootObject = F6066DDB1F73F5CF0078EC9D /* Project object */;
}
